
Microsoft Visual Studio Solution File, Format Version 12.00
# Visual Studio Version 16
VisualStudioVersion = 16.0.31424.327
MinimumVisualStudioVersion = 10.0.40219.1
Project("{9A19103F-16F7-4668-BE54-9A1E7A4F7556}") = "ProductOrderService", "ProductOrderService\ProductOrderService.csproj", "{57E64D52-6BCD-4BAC-BF88-1D9275899FC3}"
EndProject
Global
	GlobalSection(SolutionConfigurationPlatforms) = preSolution
		Debug|Any CPU = Debug|Any CPU
		Release|Any CPU = Release|Any CPU
	EndGlobalSection
	GlobalSection(ProjectConfigurationPlatforms) = postSolution
		{57E64D52-6BCD-4BAC-BF88-1D9275899FC3}.Debug|Any CPU.ActiveCfg = Debug|Any CPU
		{57E64D52-6BCD-4BAC-BF88-1D9275899FC3}.Debug|Any CPU.Build.0 = Debug|Any CPU
		{57E64D52-6BCD-4BAC-BF88-1D9275899FC3}.Release|Any CPU.ActiveCfg = Release|Any CPU
		{57E64D52-6BCD-4BAC-BF88-1D9275899FC3}.Release|Any CPU.Build.0 = Release|Any CPU
	EndGlobalSection
	GlobalSection(SolutionProperties) = preSolution
		HideSolutionNode = FALSE
	EndGlobalSection
	GlobalSection(ExtensibilityGlobals) = postSolution
		SolutionGuid = {6DD97107-0B5E-4E10-9E13-F8610A8B79C4}
	EndGlobalSection
EndGlobal
